
Microsoft Visual Studio Solution File, Format Version 12.00
# Visual Studio Version 17
VisualStudioVersion = 17.3.32819.101
MinimumVisualStudioVersion = 10.0.40219.1
Project("{2150E333-8FDC-42A3-9474-1A3956D46DE8}") = "API", "API", "{1501096B-2611-4A77-94AB-7431D559A47A}"
EndProject
Project("{2150E333-8FDC-42A3-9474-1A3956D46DE8}") = "Common", "Common", "{6C34B14A-88D5-4A8F-B825-B73E578D69FA}"
EndProject
Project("{2150E333-8FDC-42A3-9474-1A3956D46DE8}") = "Contracts", "Contracts", "{4736ECD6-4954-493A-A6FA-D38062EBBDBD}"
EndProject
Project("{2150E333-8FDC-42A3-9474-1A3956D46DE8}") = "Database", "Database", "{21F27183-A7DB-4F81-841D-E2B3B989A49B}"
EndProject
Project("{2150E333-8FDC-42A3-9474-1A3956D46DE8}") = "Services", "Services", "{46FBB6DC-61E6-43C1-A81D-4CA8376DA5CE}"
EndProject
Project("{2150E333-8FDC-42A3-9474-1A3956D46DE8}") = "DTOs", "DTOs", "{5012FF27-9AE6-4F79-93F2-4F60D18EF87C}"
EndProject
Project("{9A19103F-16F7-4668-BE54-9A1E7A4F7556}") = "Application.API", "Application.API\Application.API.csproj", "{3C528161-C0E5-4901-B6EB-97C86D5BFCAD}"
EndProject
Project("{9A19103F-16F7-4668-BE54-9A1E7A4F7556}") = "Application.DTO", "Application.DTO\Application.DTO.csproj", "{5C86C67B-265D-41A1-BC3E-C9A85828842B}"
EndProject
Project("{9A19103F-16F7-4668-BE54-9A1E7A4F7556}") = "Application.Services", "Application.Services\Application.Services.csproj", "{4B7C4858-ADDB-4BF9-A248-D137AA17CF9C}"
EndProject
Project("{9A19103F-16F7-4668-BE54-9A1E7A4F7556}") = "Application.Interface", "Application.Interface\Application.Interface.csproj", "{2ED57CA0-5BFD-4E28-A850-07B6689C3D8F}"
EndProject
Project("{9A19103F-16F7-4668-BE54-9A1E7A4F7556}") = "Application.Helper", "Application.Helper\Application.Helper.csproj", "{0ACE0EA9-2174-40FF-97D2-026994BACA78}"
EndProject
Project("{2150E333-8FDC-42A3-9474-1A3956D46DE8}") = "ElasticSearch", "ElasticSearch", "{64AE0BA8-F1A9-4294-A92D-B2328E8F2308}"
EndProject
Project("{9A19103F-16F7-4668-BE54-9A1E7A4F7556}") = "UnitTestElasticsearch", "UnitTestElasticsearch\UnitTestElasticsearch.csproj", "{133775F4-B12B-4AA5-AEAC-8ADC6AFB62A6}"
EndProject
Project("{9A19103F-16F7-4668-BE54-9A1E7A4F7556}") = "ElasticSearch.Model", "ElasticSearch.Model\ElasticSearch.Model.csproj", "{C7517362-9437-4036-8BC0-533276B21605}"
EndProject
Project("{9A19103F-16F7-4668-BE54-9A1E7A4F7556}") = "ElasticSearch.DBSetup", "ElasticSearch.DBSetup\ElasticSearch.DBSetup.csproj", "{0F171B73-F95A-4023-83F2-E4888776166C}"
EndProject
Project("{9A19103F-16F7-4668-BE54-9A1E7A4F7556}") = "ElasticSearch.MVC", "ElasticSearch.MVC\ElasticSearch.MVC.csproj", "{905DBAE4-2342-470D-A937-E88D1C7640D0}"
EndProject
Project("{2150E333-8FDC-42A3-9474-1A3956D46DE8}") = "MongoDB", "MongoDB", "{7D00F9D4-3E7B-42FD-9CCA-DB7ACB6E8F1E}"
EndProject
Project("{9A19103F-16F7-4668-BE54-9A1E7A4F7556}") = "MongoDB.API", "MongoDB.API\MongoDB.API.csproj", "{D6BAAE8B-0B53-4C3B-B9D4-BB9359B15327}"
EndProject
Project("{2150E333-8FDC-42A3-9474-1A3956D46DE8}") = "Codility", "Codility", "{9F8A5AA1-880D-4950-A1CD-E3425D455044}"
EndProject
Project("{9A19103F-16F7-4668-BE54-9A1E7A4F7556}") = "Code.Practice.Samples", "Code.Practice.Samples\Code.Practice.Samples.csproj", "{8809AAC4-3DB7-4381-9C2B-4B8980444865}"
EndProject
Project("{2150E333-8FDC-42A3-9474-1A3956D46DE8}") = "Web", "Web", "{DBDFDC08-4A2F-44B3-87B5-B78BF2663865}"
EndProject
Project("{9A19103F-16F7-4668-BE54-9A1E7A4F7556}") = "Web.Vaccine.Alert", "Web.Vaccine.Alert\Web.Vaccine.Alert.csproj", "{21517FA0-B6A5-4D06-812F-F968B60E9765}"
EndProject
Project("{9A19103F-16F7-4668-BE54-9A1E7A4F7556}") = "Web.EFDBFirst.Inventory", "Web.EFDBFirst.Inventory\Web.EFDBFirst.Inventory.csproj", "{4636BDB2-EA63-4659-973D-6DDEAE949B94}"
EndProject
Project("{9A19103F-16F7-4668-BE54-9A1E7A4F7556}") = "Application.Inventory.EFDBF.API", "Application.Inventory.EFDBF.API\Application.Inventory.EFDBF.API.csproj", "{B016B611-2A45-4A3A-857F-334F04A8249A}"
EndProject
Project("{2150E333-8FDC-42A3-9474-1A3956D46DE8}") = "Core5", "Core5", "{A37DA721-277C-4CC4-8F64-0159C4E55692}"
EndProject
Project("{9A19103F-16F7-4668-BE54-9A1E7A4F7556}") = "Core5APIWebService", "Core5APIWebService\Core5APIWebService.csproj", "{2CE46544-0419-45D8-9C95-2D106D988E37}"
EndProject
Project("{9A19103F-16F7-4668-BE54-9A1E7A4F7556}") = "BusinessAccessLayer", "BusinessAccessLayer\BusinessAccessLayer.csproj", "{A74ECA4D-831E-40FF-9BBC-57ACF1BA2BA7}"
EndProject
Project("{9A19103F-16F7-4668-BE54-9A1E7A4F7556}") = "DataAccessLayer", "DataAccessLayer\DataAccessLayer.csproj", "{B5139AFE-A7B5-4DCB-B16A-95DC7F1154B9}"
EndProject
Project("{9A19103F-16F7-4668-BE54-9A1E7A4F7556}") = "Mongo.Basic.CRUDOperation", "Mongo.Basic.CRUDOperation\Mongo.Basic.CRUDOperation.csproj", "{3D069ED9-0438-4B1B-9E52-4C38F6C893C8}"
EndProject
Project("{9A19103F-16F7-4668-BE54-9A1E7A4F7556}") = "WebAPI.JWT.Authentication", "WebAPI.JWT.Authentication\WebAPI.JWT.Authentication.csproj", "{2CE237BE-FD7E-43B7-ABAC-2564B265376A}"
EndProject
Project("{9A19103F-16F7-4668-BE54-9A1E7A4F7556}") = "CardPayment.API", "CardPayment.API\CardPayment.API.csproj", "{091FEFCE-E2D1-4474-B1F1-007FB5FB61BD}"
EndProject
Project("{2150E333-8FDC-42A3-9474-1A3956D46DE8}") = "CQRS", "CQRS", "{F6B7E2F0-A426-473C-B9D7-D28092AB56A2}"
EndProject
Project("{9A19103F-16F7-4668-BE54-9A1E7A4F7556}") = "API.CQRS.Dapper", "API.CQRS.Dapper\API.CQRS.Dapper.csproj", "{4E94AB20-967B-4B00-A6CB-8ED560977056}"
EndProject
Project("{9A19103F-16F7-4668-BE54-9A1E7A4F7556}") = "API.CQRS.Application.Model", "API.CQRS.Application.Model\API.CQRS.Application.Model.csproj", "{A1CC4115-DFDD-4F70-9B78-C9E68C0A58B7}"
EndProject
Project("{9A19103F-16F7-4668-BE54-9A1E7A4F7556}") = "API.CQRS.Application.CommandLayer", "API.CQRS.Application.CommandLayer\API.CQRS.Application.CommandLayer.csproj", "{10D4DFBB-434A-44D4-9F96-EFD2A21BEA75}"
EndProject
Project("{2150E333-8FDC-42A3-9474-1A3956D46DE8}") = "ExportImport", "ExportImport", "{FC5D3CF3-0563-4306-B612-8274AD6E08A1}"
EndProject
Project("{9A19103F-16F7-4668-BE54-9A1E7A4F7556}") = "ExportToPdf", "ExportToPdf\ExportToPdf.csproj", "{129D671A-A50A-4437-B8B2-592FE319B434}"
EndProject
Project("{9A19103F-16F7-4668-BE54-9A1E7A4F7556}") = "PdfExport", "PdfExport\PdfExport.csproj", "{3B06DF29-F142-4F05-AE0F-0E9110C5CC82}"
EndProject
Project("{9A19103F-16F7-4668-BE54-9A1E7A4F7556}") = "ExportPdfTest", "ExportPdfTest\ExportPdfTest.csproj", "{9E9EEBE9-29DD-443E-88C9-E14D84BAAA5F}"
EndProject
Project("{9A19103F-16F7-4668-BE54-9A1E7A4F7556}") = "DotNet5.CRUD.API", "DotNet5.CRUD.API\DotNet5.CRUD.API.csproj", "{AA5E7CC8-73EA-41F5-9BBC-41CE4DAEDC7F}"
EndProject
Project("{2150E333-8FDC-42A3-9474-1A3956D46DE8}") = "tests", "tests", "{CAA57170-FEE1-4025-813D-C502A43BC7D4}"
EndProject
Project("{2150E333-8FDC-42A3-9474-1A3956D46DE8}") = "Net5Tests", "Net5Tests", "{DEAEA8A5-0DBC-4F2D-9FDC-FCF60B20373D}"
EndProject
Project("{9A19103F-16F7-4668-BE54-9A1E7A4F7556}") = "DI.Transient.Scoped.Singleton", "DI.Transient.Scoped.Singleton\DI.Transient.Scoped.Singleton.csproj", "{00F6E7C3-32DA-4812-B965-8116353E284B}"
EndProject
Project("{2150E333-8FDC-42A3-9474-1A3956D46DE8}") = "WebApiWithProperResponse", "WebApiWithProperResponse", "{3F6B04AB-3037-4F70-9594-47FBB303C484}"
EndProject
Project("{9A19103F-16F7-4668-BE54-9A1E7A4F7556}") = "WebAPI.Proper.Request.Response", "WebAPI.Proper.Request.Response\WebAPI.Proper.Request.Response.csproj", "{8FF5E961-74E5-416B-AC49-BD0861FB4E1D}"
EndProject
Project("{9A19103F-16F7-4668-BE54-9A1E7A4F7556}") = "WebAPI.Proper.Request.Response.Models", "WebAPI.Proper.Request.Response.Models\WebAPI.Proper.Request.Response.Models.csproj", "{6AFFD3CF-65AC-4C1E-A9F1-C82A8E4170C1}"
EndProject
Project("{9A19103F-16F7-4668-BE54-9A1E7A4F7556}") = "WebAPI.Proper.Request.Response.Repository", "WebAPI.Proper.Request.Response.Repository\WebAPI.Proper.Request.Response.Repository.csproj", "{6E12CE5C-9024-4C68-95F6-5DB5EEEEFD86}"
EndProject
Project("{9A19103F-16F7-4668-BE54-9A1E7A4F7556}") = "WebAPI.Proper.Request.Response.Common", "WebAPI.Proper.Request.Response.Common\WebAPI.Proper.Request.Response.Common.csproj", "{646587EA-7908-4461-8433-CF6851C03361}"
EndProject
Project("{2150E333-8FDC-42A3-9474-1A3956D46DE8}") = "tests", "tests", "{AA0059EA-3892-48C0-AAA4-3EBE442594E1}"
EndProject
Project("{9A19103F-16F7-4668-BE54-9A1E7A4F7556}") = "WebAPI.Proper.Request.Response.xUnit.Tests", "WebAPI.Proper.Request.Response.xUnit.Tests\WebAPI.Proper.Request.Response.xUnit.Tests.csproj", "{D1CCE61F-4298-4890-96CB-B08F7E10A3DA}"
EndProject
Project("{2150E333-8FDC-42A3-9474-1A3956D46DE8}") = "MFE", "MFE", "{5DA528F3-4B5E-47EC-9016-E0B98AB02851}"
EndProject
Project("{2150E333-8FDC-42A3-9474-1A3956D46DE8}") = "Admin", "Admin", "{6957070A-0C37-431C-9E74-D96F5C49AFEA}"
EndProject
Project("{2150E333-8FDC-42A3-9474-1A3956D46DE8}") = "Navigation", "Navigation", "{72046CB5-C89D-4EBF-AF8F-9E625B005634}"
EndProject
Project("{2150E333-8FDC-42A3-9474-1A3956D46DE8}") = "Configuration", "Configuration", "{01D2D585-9DBD-480E-A484-ABC488B2303B}"
EndProject
Project("{2150E333-8FDC-42A3-9474-1A3956D46DE8}") = "MongoToElastic", "MongoToElastic", "{D14A037E-0C5E-4D7D-B534-E076D1197527}"
EndProject
Project("{9A19103F-16F7-4668-BE54-9A1E7A4F7556}") = "MongoToElastic", "MongoToElastic\MongoToElastic.csproj", "{62709227-F952-4CCF-AA25-82CF462C99F9}"
EndProject
Project("{2150E333-8FDC-42A3-9474-1A3956D46DE8}") = "Announcement", "Announcement", "{F61A0BD5-C154-4F72-8A30-EBC9C369A1A1}"
EndProject
Project("{9A19103F-16F7-4668-BE54-9A1E7A4F7556}") = "API.Admin.Announcement", "API.Admin.Announcement\API.Admin.Announcement.csproj", "{43A3E75A-D594-4612-89EF-9BEDBB456AA5}"
EndProject
Project("{9A19103F-16F7-4668-BE54-9A1E7A4F7556}") = "Admin.Announcement.Business", "Admin.Announcement.Business\Admin.Announcement.Business.csproj", "{2282F8BA-B64B-4CE0-8721-4780D53B06B6}"
EndProject
Project("{9A19103F-16F7-4668-BE54-9A1E7A4F7556}") = "Admin.Announcement.Models", "Admin.Announcement.Models\Admin.Announcement.Models.csproj", "{B84A0E39-366E-4ED7-A1A0-276199ED663D}"
EndProject
Project("{9A19103F-16F7-4668-BE54-9A1E7A4F7556}") = "Admin.Announcement.Core", "Admin.Announcement.Core\Admin.Announcement.Core.csproj", "{B8764A44-114A-470A-A595-874115F9A3FA}"
EndProject
Project("{9A19103F-16F7-4668-BE54-9A1E7A4F7556}") = "Admin.Announcement.Repositoy", "Admin.Announcement.Repositoy\Admin.Announcement.Repositoy.csproj", "{86D1D2D1-D82D-483D-BB4D-A8B49D7C8148}"
EndProject
Project("{2150E333-8FDC-42A3-9474-1A3956D46DE8}") = "Core6", "Core6", "{AC4E6816-D016-48A6-A4D0-2A0A12BAC532}"
EndProject
Project("{2150E333-8FDC-42A3-9474-1A3956D46DE8}") = "src", "src", "{D8D3EB46-3ADD-4CC8-9D59-CD9ABDE2FA76}"
EndProject
Project("{2150E333-8FDC-42A3-9474-1A3956D46DE8}") = "tests", "tests", "{FC6B4A19-FC92-4BEE-A5D4-7B4AA6DA1EA8}"
EndProject
Project("{FAE04EC0-301F-11D3-BF4B-00C04F79EFBC}") = "Core6.EFDbFirst.API", "Core6.EFDbFirst.API\Core6.EFDbFirst.API.csproj", "{82423244-B1E3-414F-975B-C37C1CC90B94}"
EndProject
Global
	GlobalSection(SolutionConfigurationPlatforms) = preSolution
		Debug|Any CPU = Debug|Any CPU
		Release|Any CPU = Release|Any CPU
	EndGlobalSection
	GlobalSection(ProjectConfigurationPlatforms) = postSolution
		{3C528161-C0E5-4901-B6EB-97C86D5BFCAD}.Debug|Any CPU.ActiveCfg = Debug|Any CPU
		{3C528161-C0E5-4901-B6EB-97C86D5BFCAD}.Debug|Any CPU.Build.0 = Debug|Any CPU
		{3C528161-C0E5-4901-B6EB-97C86D5BFCAD}.Release|Any CPU.ActiveCfg = Release|Any CPU
		{3C528161-C0E5-4901-B6EB-97C86D5BFCAD}.Release|Any CPU.Build.0 = Release|Any CPU
		{5C86C67B-265D-41A1-BC3E-C9A85828842B}.Debug|Any CPU.ActiveCfg = Debug|Any CPU
		{5C86C67B-265D-41A1-BC3E-C9A85828842B}.Debug|Any CPU.Build.0 = Debug|Any CPU
		{5C86C67B-265D-41A1-BC3E-C9A85828842B}.Release|Any CPU.ActiveCfg = Release|Any CPU
		{5C86C67B-265D-41A1-BC3E-C9A85828842B}.Release|Any CPU.Build.0 = Release|Any CPU
		{4B7C4858-ADDB-4BF9-A248-D137AA17CF9C}.Debug|Any CPU.ActiveCfg = Debug|Any CPU
		{4B7C4858-ADDB-4BF9-A248-D137AA17CF9C}.Debug|Any CPU.Build.0 = Debug|Any CPU
		{4B7C4858-ADDB-4BF9-A248-D137AA17CF9C}.Release|Any CPU.ActiveCfg = Release|Any CPU
		{4B7C4858-ADDB-4BF9-A248-D137AA17CF9C}.Release|Any CPU.Build.0 = Release|Any CPU
		{2ED57CA0-5BFD-4E28-A850-07B6689C3D8F}.Debug|Any CPU.ActiveCfg = Debug|Any CPU
		{2ED57CA0-5BFD-4E28-A850-07B6689C3D8F}.Debug|Any CPU.Build.0 = Debug|Any CPU
		{2ED57CA0-5BFD-4E28-A850-07B6689C3D8F}.Release|Any CPU.ActiveCfg = Release|Any CPU
		{2ED57CA0-5BFD-4E28-A850-07B6689C3D8F}.Release|Any CPU.Build.0 = Release|Any CPU
		{0ACE0EA9-2174-40FF-97D2-026994BACA78}.Debug|Any CPU.ActiveCfg = Debug|Any CPU
		{0ACE0EA9-2174-40FF-97D2-026994BACA78}.Debug|Any CPU.Build.0 = Debug|Any CPU
		{0ACE0EA9-2174-40FF-97D2-026994BACA78}.Release|Any CPU.ActiveCfg = Release|Any CPU
		{0ACE0EA9-2174-40FF-97D2-026994BACA78}.Release|Any CPU.Build.0 = Release|Any CPU
		{133775F4-B12B-4AA5-AEAC-8ADC6AFB62A6}.Debug|Any CPU.ActiveCfg = Debug|Any CPU
		{133775F4-B12B-4AA5-AEAC-8ADC6AFB62A6}.Debug|Any CPU.Build.0 = Debug|Any CPU
		{133775F4-B12B-4AA5-AEAC-8ADC6AFB62A6}.Release|Any CPU.ActiveCfg = Release|Any CPU
		{133775F4-B12B-4AA5-AEAC-8ADC6AFB62A6}.Release|Any CPU.Build.0 = Release|Any CPU
		{C7517362-9437-4036-8BC0-533276B21605}.Debug|Any CPU.ActiveCfg = Debug|Any CPU
		{C7517362-9437-4036-8BC0-533276B21605}.Debug|Any CPU.Build.0 = Debug|Any CPU
		{C7517362-9437-4036-8BC0-533276B21605}.Release|Any CPU.ActiveCfg = Release|Any CPU
		{C7517362-9437-4036-8BC0-533276B21605}.Release|Any CPU.Build.0 = Release|Any CPU
		{0F171B73-F95A-4023-83F2-E4888776166C}.Debug|Any CPU.ActiveCfg = Debug|Any CPU
		{0F171B73-F95A-4023-83F2-E4888776166C}.Debug|Any CPU.Build.0 = Debug|Any CPU
		{0F171B73-F95A-4023-83F2-E4888776166C}.Release|Any CPU.ActiveCfg = Release|Any CPU
		{0F171B73-F95A-4023-83F2-E4888776166C}.Release|Any CPU.Build.0 = Release|Any CPU
		{905DBAE4-2342-470D-A937-E88D1C7640D0}.Debug|Any CPU.ActiveCfg = Debug|Any CPU
		{905DBAE4-2342-470D-A937-E88D1C7640D0}.Debug|Any CPU.Build.0 = Debug|Any CPU
		{905DBAE4-2342-470D-A937-E88D1C7640D0}.Release|Any CPU.ActiveCfg = Release|Any CPU
		{905DBAE4-2342-470D-A937-E88D1C7640D0}.Release|Any CPU.Build.0 = Release|Any CPU
		{D6BAAE8B-0B53-4C3B-B9D4-BB9359B15327}.Debug|Any CPU.ActiveCfg = Debug|Any CPU
		{D6BAAE8B-0B53-4C3B-B9D4-BB9359B15327}.Debug|Any CPU.Build.0 = Debug|Any CPU
		{D6BAAE8B-0B53-4C3B-B9D4-BB9359B15327}.Release|Any CPU.ActiveCfg = Release|Any CPU
		{D6BAAE8B-0B53-4C3B-B9D4-BB9359B15327}.Release|Any CPU.Build.0 = Release|Any CPU
		{8809AAC4-3DB7-4381-9C2B-4B8980444865}.Debug|Any CPU.ActiveCfg = Debug|Any CPU
		{8809AAC4-3DB7-4381-9C2B-4B8980444865}.Debug|Any CPU.Build.0 = Debug|Any CPU
		{8809AAC4-3DB7-4381-9C2B-4B8980444865}.Release|Any CPU.ActiveCfg = Release|Any CPU
		{8809AAC4-3DB7-4381-9C2B-4B8980444865}.Release|Any CPU.Build.0 = Release|Any CPU
		{21517FA0-B6A5-4D06-812F-F968B60E9765}.Debug|Any CPU.ActiveCfg = Debug|Any CPU
		{21517FA0-B6A5-4D06-812F-F968B60E9765}.Debug|Any CPU.Build.0 = Debug|Any CPU
		{21517FA0-B6A5-4D06-812F-F968B60E9765}.Release|Any CPU.ActiveCfg = Release|Any CPU
		{21517FA0-B6A5-4D06-812F-F968B60E9765}.Release|Any CPU.Build.0 = Release|Any CPU
		{4636BDB2-EA63-4659-973D-6DDEAE949B94}.Debug|Any CPU.ActiveCfg = Debug|Any CPU
		{4636BDB2-EA63-4659-973D-6DDEAE949B94}.Debug|Any CPU.Build.0 = Debug|Any CPU
		{4636BDB2-EA63-4659-973D-6DDEAE949B94}.Release|Any CPU.ActiveCfg = Release|Any CPU
		{4636BDB2-EA63-4659-973D-6DDEAE949B94}.Release|Any CPU.Build.0 = Release|Any CPU
		{B016B611-2A45-4A3A-857F-334F04A8249A}.Debug|Any CPU.ActiveCfg = Debug|Any CPU
		{B016B611-2A45-4A3A-857F-334F04A8249A}.Debug|Any CPU.Build.0 = Debug|Any CPU
		{B016B611-2A45-4A3A-857F-334F04A8249A}.Release|Any CPU.ActiveCfg = Release|Any CPU
		{B016B611-2A45-4A3A-857F-334F04A8249A}.Release|Any CPU.Build.0 = Release|Any CPU
		{2CE46544-0419-45D8-9C95-2D106D988E37}.Debug|Any CPU.ActiveCfg = Debug|Any CPU
		{2CE46544-0419-45D8-9C95-2D106D988E37}.Debug|Any CPU.Build.0 = Debug|Any CPU
		{2CE46544-0419-45D8-9C95-2D106D988E37}.Release|Any CPU.ActiveCfg = Release|Any CPU
		{2CE46544-0419-45D8-9C95-2D106D988E37}.Release|Any CPU.Build.0 = Release|Any CPU
		{A74ECA4D-831E-40FF-9BBC-57ACF1BA2BA7}.Debug|Any CPU.ActiveCfg = Debug|Any CPU
		{A74ECA4D-831E-40FF-9BBC-57ACF1BA2BA7}.Debug|Any CPU.Build.0 = Debug|Any CPU
		{A74ECA4D-831E-40FF-9BBC-57ACF1BA2BA7}.Release|Any CPU.ActiveCfg = Release|Any CPU
		{A74ECA4D-831E-40FF-9BBC-57ACF1BA2BA7}.Release|Any CPU.Build.0 = Release|Any CPU
		{B5139AFE-A7B5-4DCB-B16A-95DC7F1154B9}.Debug|Any CPU.ActiveCfg = Debug|Any CPU
		{B5139AFE-A7B5-4DCB-B16A-95DC7F1154B9}.Debug|Any CPU.Build.0 = Debug|Any CPU
		{B5139AFE-A7B5-4DCB-B16A-95DC7F1154B9}.Release|Any CPU.ActiveCfg = Release|Any CPU
		{B5139AFE-A7B5-4DCB-B16A-95DC7F1154B9}.Release|Any CPU.Build.0 = Release|Any CPU
		{3D069ED9-0438-4B1B-9E52-4C38F6C893C8}.Debug|Any CPU.ActiveCfg = Debug|Any CPU
		{3D069ED9-0438-4B1B-9E52-4C38F6C893C8}.Debug|Any CPU.Build.0 = Debug|Any CPU
		{3D069ED9-0438-4B1B-9E52-4C38F6C893C8}.Release|Any CPU.ActiveCfg = Release|Any CPU
		{3D069ED9-0438-4B1B-9E52-4C38F6C893C8}.Release|Any CPU.Build.0 = Release|Any CPU
		{2CE237BE-FD7E-43B7-ABAC-2564B265376A}.Debug|Any CPU.ActiveCfg = Debug|Any CPU
		{2CE237BE-FD7E-43B7-ABAC-2564B265376A}.Debug|Any CPU.Build.0 = Debug|Any CPU
		{2CE237BE-FD7E-43B7-ABAC-2564B265376A}.Release|Any CPU.ActiveCfg = Release|Any CPU
		{2CE237BE-FD7E-43B7-ABAC-2564B265376A}.Release|Any CPU.Build.0 = Release|Any CPU
		{091FEFCE-E2D1-4474-B1F1-007FB5FB61BD}.Debug|Any CPU.ActiveCfg = Debug|Any CPU
		{091FEFCE-E2D1-4474-B1F1-007FB5FB61BD}.Debug|Any CPU.Build.0 = Debug|Any CPU
		{091FEFCE-E2D1-4474-B1F1-007FB5FB61BD}.Release|Any CPU.ActiveCfg = Release|Any CPU
		{091FEFCE-E2D1-4474-B1F1-007FB5FB61BD}.Release|Any CPU.Build.0 = Release|Any CPU
		{4E94AB20-967B-4B00-A6CB-8ED560977056}.Debug|Any CPU.ActiveCfg = Debug|Any CPU
		{4E94AB20-967B-4B00-A6CB-8ED560977056}.Debug|Any CPU.Build.0 = Debug|Any CPU
		{4E94AB20-967B-4B00-A6CB-8ED560977056}.Release|Any CPU.ActiveCfg = Release|Any CPU
		{4E94AB20-967B-4B00-A6CB-8ED560977056}.Release|Any CPU.Build.0 = Release|Any CPU
		{A1CC4115-DFDD-4F70-9B78-C9E68C0A58B7}.Debug|Any CPU.ActiveCfg = Debug|Any CPU
		{A1CC4115-DFDD-4F70-9B78-C9E68C0A58B7}.Debug|Any CPU.Build.0 = Debug|Any CPU
		{A1CC4115-DFDD-4F70-9B78-C9E68C0A58B7}.Release|Any CPU.ActiveCfg = Release|Any CPU
		{A1CC4115-DFDD-4F70-9B78-C9E68C0A58B7}.Release|Any CPU.Build.0 = Release|Any CPU
		{10D4DFBB-434A-44D4-9F96-EFD2A21BEA75}.Debug|Any CPU.ActiveCfg = Debug|Any CPU
		{10D4DFBB-434A-44D4-9F96-EFD2A21BEA75}.Debug|Any CPU.Build.0 = Debug|Any CPU
		{10D4DFBB-434A-44D4-9F96-EFD2A21BEA75}.Release|Any CPU.ActiveCfg = Release|Any CPU
		{10D4DFBB-434A-44D4-9F96-EFD2A21BEA75}.Release|Any CPU.Build.0 = Release|Any CPU
		{129D671A-A50A-4437-B8B2-592FE319B434}.Debug|Any CPU.ActiveCfg = Debug|Any CPU
		{129D671A-A50A-4437-B8B2-592FE319B434}.Debug|Any CPU.Build.0 = Debug|Any CPU
		{129D671A-A50A-4437-B8B2-592FE319B434}.Release|Any CPU.ActiveCfg = Release|Any CPU
		{129D671A-A50A-4437-B8B2-592FE319B434}.Release|Any CPU.Build.0 = Release|Any CPU
		{3B06DF29-F142-4F05-AE0F-0E9110C5CC82}.Debug|Any CPU.ActiveCfg = Debug|Any CPU
		{3B06DF29-F142-4F05-AE0F-0E9110C5CC82}.Debug|Any CPU.Build.0 = Debug|Any CPU
		{3B06DF29-F142-4F05-AE0F-0E9110C5CC82}.Release|Any CPU.ActiveCfg = Release|Any CPU
		{3B06DF29-F142-4F05-AE0F-0E9110C5CC82}.Release|Any CPU.Build.0 = Release|Any CPU
		{9E9EEBE9-29DD-443E-88C9-E14D84BAAA5F}.Debug|Any CPU.ActiveCfg = Debug|Any CPU
		{9E9EEBE9-29DD-443E-88C9-E14D84BAAA5F}.Debug|Any CPU.Build.0 = Debug|Any CPU
		{9E9EEBE9-29DD-443E-88C9-E14D84BAAA5F}.Release|Any CPU.ActiveCfg = Release|Any CPU
		{9E9EEBE9-29DD-443E-88C9-E14D84BAAA5F}.Release|Any CPU.Build.0 = Release|Any CPU
		{AA5E7CC8-73EA-41F5-9BBC-41CE4DAEDC7F}.Debug|Any CPU.ActiveCfg = Debug|Any CPU
		{AA5E7CC8-73EA-41F5-9BBC-41CE4DAEDC7F}.Debug|Any CPU.Build.0 = Debug|Any CPU
		{AA5E7CC8-73EA-41F5-9BBC-41CE4DAEDC7F}.Release|Any CPU.ActiveCfg = Release|Any CPU
		{AA5E7CC8-73EA-41F5-9BBC-41CE4DAEDC7F}.Release|Any CPU.Build.0 = Release|Any CPU
		{00F6E7C3-32DA-4812-B965-8116353E284B}.Debug|Any CPU.ActiveCfg = Debug|Any CPU
		{00F6E7C3-32DA-4812-B965-8116353E284B}.Debug|Any CPU.Build.0 = Debug|Any CPU
		{00F6E7C3-32DA-4812-B965-8116353E284B}.Release|Any CPU.ActiveCfg = Release|Any CPU
		{00F6E7C3-32DA-4812-B965-8116353E284B}.Release|Any CPU.Build.0 = Release|Any CPU
		{8FF5E961-74E5-416B-AC49-BD0861FB4E1D}.Debug|Any CPU.ActiveCfg = Debug|Any CPU
		{8FF5E961-74E5-416B-AC49-BD0861FB4E1D}.Debug|Any CPU.Build.0 = Debug|Any CPU
		{8FF5E961-74E5-416B-AC49-BD0861FB4E1D}.Release|Any CPU.ActiveCfg = Release|Any CPU
		{8FF5E961-74E5-416B-AC49-BD0861FB4E1D}.Release|Any CPU.Build.0 = Release|Any CPU
		{6AFFD3CF-65AC-4C1E-A9F1-C82A8E4170C1}.Debug|Any CPU.ActiveCfg = Debug|Any CPU
		{6AFFD3CF-65AC-4C1E-A9F1-C82A8E4170C1}.Debug|Any CPU.Build.0 = Debug|Any CPU
		{6AFFD3CF-65AC-4C1E-A9F1-C82A8E4170C1}.Release|Any CPU.ActiveCfg = Release|Any CPU
		{6AFFD3CF-65AC-4C1E-A9F1-C82A8E4170C1}.Release|Any CPU.Build.0 = Release|Any CPU
		{6E12CE5C-9024-4C68-95F6-5DB5EEEEFD86}.Debug|Any CPU.ActiveCfg = Debug|Any CPU
		{6E12CE5C-9024-4C68-95F6-5DB5EEEEFD86}.Debug|Any CPU.Build.0 = Debug|Any CPU
		{6E12CE5C-9024-4C68-95F6-5DB5EEEEFD86}.Release|Any CPU.ActiveCfg = Release|Any CPU
		{6E12CE5C-9024-4C68-95F6-5DB5EEEEFD86}.Release|Any CPU.Build.0 = Release|Any CPU
		{646587EA-7908-4461-8433-CF6851C03361}.Debug|Any CPU.ActiveCfg = Debug|Any CPU
		{646587EA-7908-4461-8433-CF6851C03361}.Debug|Any CPU.Build.0 = Debug|Any CPU
		{646587EA-7908-4461-8433-CF6851C03361}.Release|Any CPU.ActiveCfg = Release|Any CPU
		{646587EA-7908-4461-8433-CF6851C03361}.Release|Any CPU.Build.0 = Release|Any CPU
		{D1CCE61F-4298-4890-96CB-B08F7E10A3DA}.Debug|Any CPU.ActiveCfg = Debug|Any CPU
		{D1CCE61F-4298-4890-96CB-B08F7E10A3DA}.Debug|Any CPU.Build.0 = Debug|Any CPU
		{D1CCE61F-4298-4890-96CB-B08F7E10A3DA}.Release|Any CPU.ActiveCfg = Release|Any CPU
		{D1CCE61F-4298-4890-96CB-B08F7E10A3DA}.Release|Any CPU.Build.0 = Release|Any CPU
		{62709227-F952-4CCF-AA25-82CF462C99F9}.Debug|Any CPU.ActiveCfg = Debug|Any CPU
		{62709227-F952-4CCF-AA25-82CF462C99F9}.Debug|Any CPU.Build.0 = Debug|Any CPU
		{62709227-F952-4CCF-AA25-82CF462C99F9}.Release|Any CPU.ActiveCfg = Release|Any CPU
		{62709227-F952-4CCF-AA25-82CF462C99F9}.Release|Any CPU.Build.0 = Release|Any CPU
		{43A3E75A-D594-4612-89EF-9BEDBB456AA5}.Debug|Any CPU.ActiveCfg = Debug|Any CPU
		{43A3E75A-D594-4612-89EF-9BEDBB456AA5}.Debug|Any CPU.Build.0 = Debug|Any CPU
		{43A3E75A-D594-4612-89EF-9BEDBB456AA5}.Release|Any CPU.ActiveCfg = Release|Any CPU
		{43A3E75A-D594-4612-89EF-9BEDBB456AA5}.Release|Any CPU.Build.0 = Release|Any CPU
		{2282F8BA-B64B-4CE0-8721-4780D53B06B6}.Debug|Any CPU.ActiveCfg = Debug|Any CPU
		{2282F8BA-B64B-4CE0-8721-4780D53B06B6}.Debug|Any CPU.Build.0 = Debug|Any CPU
		{2282F8BA-B64B-4CE0-8721-4780D53B06B6}.Release|Any CPU.ActiveCfg = Release|Any CPU
		{2282F8BA-B64B-4CE0-8721-4780D53B06B6}.Release|Any CPU.Build.0 = Release|Any CPU
		{B84A0E39-366E-4ED7-A1A0-276199ED663D}.Debug|Any CPU.ActiveCfg = Debug|Any CPU
		{B84A0E39-366E-4ED7-A1A0-276199ED663D}.Debug|Any CPU.Build.0 = Debug|Any CPU
		{B84A0E39-366E-4ED7-A1A0-276199ED663D}.Release|Any CPU.ActiveCfg = Release|Any CPU
		{B84A0E39-366E-4ED7-A1A0-276199ED663D}.Release|Any CPU.Build.0 = Release|Any CPU
		{B8764A44-114A-470A-A595-874115F9A3FA}.Debug|Any CPU.ActiveCfg = Debug|Any CPU
		{B8764A44-114A-470A-A595-874115F9A3FA}.Debug|Any CPU.Build.0 = Debug|Any CPU
		{B8764A44-114A-470A-A595-874115F9A3FA}.Release|Any CPU.ActiveCfg = Release|Any CPU
		{B8764A44-114A-470A-A595-874115F9A3FA}.Release|Any CPU.Build.0 = Release|Any CPU
		{86D1D2D1-D82D-483D-BB4D-A8B49D7C8148}.Debug|Any CPU.ActiveCfg = Debug|Any CPU
		{86D1D2D1-D82D-483D-BB4D-A8B49D7C8148}.Debug|Any CPU.Build.0 = Debug|Any CPU
		{86D1D2D1-D82D-483D-BB4D-A8B49D7C8148}.Release|Any CPU.ActiveCfg = Release|Any CPU
		{86D1D2D1-D82D-483D-BB4D-A8B49D7C8148}.Release|Any CPU.Build.0 = Release|Any CPU
		{82423244-B1E3-414F-975B-C37C1CC90B94}.Debug|Any CPU.ActiveCfg = Debug|Any CPU
		{82423244-B1E3-414F-975B-C37C1CC90B94}.Debug|Any CPU.Build.0 = Debug|Any CPU
		{82423244-B1E3-414F-975B-C37C1CC90B94}.Release|Any CPU.ActiveCfg = Release|Any CPU
		{82423244-B1E3-414F-975B-C37C1CC90B94}.Release|Any CPU.Build.0 = Release|Any CPU
	EndGlobalSection
	GlobalSection(SolutionProperties) = preSolution
		HideSolutionNode = FALSE
	EndGlobalSection
	GlobalSection(NestedProjects) = preSolution
		{3C528161-C0E5-4901-B6EB-97C86D5BFCAD} = {1501096B-2611-4A77-94AB-7431D559A47A}
		{5C86C67B-265D-41A1-BC3E-C9A85828842B} = {5012FF27-9AE6-4F79-93F2-4F60D18EF87C}
		{4B7C4858-ADDB-4BF9-A248-D137AA17CF9C} = {46FBB6DC-61E6-43C1-A81D-4CA8376DA5CE}
		{2ED57CA0-5BFD-4E28-A850-07B6689C3D8F} = {4736ECD6-4954-493A-A6FA-D38062EBBDBD}
		{0ACE0EA9-2174-40FF-97D2-026994BACA78} = {46FBB6DC-61E6-43C1-A81D-4CA8376DA5CE}
		{133775F4-B12B-4AA5-AEAC-8ADC6AFB62A6} = {64AE0BA8-F1A9-4294-A92D-B2328E8F2308}
		{C7517362-9437-4036-8BC0-533276B21605} = {64AE0BA8-F1A9-4294-A92D-B2328E8F2308}
		{0F171B73-F95A-4023-83F2-E4888776166C} = {64AE0BA8-F1A9-4294-A92D-B2328E8F2308}
		{905DBAE4-2342-470D-A937-E88D1C7640D0} = {64AE0BA8-F1A9-4294-A92D-B2328E8F2308}
		{D6BAAE8B-0B53-4C3B-B9D4-BB9359B15327} = {7D00F9D4-3E7B-42FD-9CCA-DB7ACB6E8F1E}
		{8809AAC4-3DB7-4381-9C2B-4B8980444865} = {9F8A5AA1-880D-4950-A1CD-E3425D455044}
		{21517FA0-B6A5-4D06-812F-F968B60E9765} = {DBDFDC08-4A2F-44B3-87B5-B78BF2663865}
		{4636BDB2-EA63-4659-973D-6DDEAE949B94} = {DBDFDC08-4A2F-44B3-87B5-B78BF2663865}
		{B016B611-2A45-4A3A-857F-334F04A8249A} = {1501096B-2611-4A77-94AB-7431D559A47A}
		{A37DA721-277C-4CC4-8F64-0159C4E55692} = {1501096B-2611-4A77-94AB-7431D559A47A}
		{2CE46544-0419-45D8-9C95-2D106D988E37} = {A37DA721-277C-4CC4-8F64-0159C4E55692}
		{A74ECA4D-831E-40FF-9BBC-57ACF1BA2BA7} = {A37DA721-277C-4CC4-8F64-0159C4E55692}
		{B5139AFE-A7B5-4DCB-B16A-95DC7F1154B9} = {A37DA721-277C-4CC4-8F64-0159C4E55692}
		{3D069ED9-0438-4B1B-9E52-4C38F6C893C8} = {7D00F9D4-3E7B-42FD-9CCA-DB7ACB6E8F1E}
		{2CE237BE-FD7E-43B7-ABAC-2564B265376A} = {1501096B-2611-4A77-94AB-7431D559A47A}
		{091FEFCE-E2D1-4474-B1F1-007FB5FB61BD} = {A37DA721-277C-4CC4-8F64-0159C4E55692}
		{F6B7E2F0-A426-473C-B9D7-D28092AB56A2} = {1501096B-2611-4A77-94AB-7431D559A47A}
		{4E94AB20-967B-4B00-A6CB-8ED560977056} = {F6B7E2F0-A426-473C-B9D7-D28092AB56A2}
		{A1CC4115-DFDD-4F70-9B78-C9E68C0A58B7} = {F6B7E2F0-A426-473C-B9D7-D28092AB56A2}
		{10D4DFBB-434A-44D4-9F96-EFD2A21BEA75} = {F6B7E2F0-A426-473C-B9D7-D28092AB56A2}
		{129D671A-A50A-4437-B8B2-592FE319B434} = {FC5D3CF3-0563-4306-B612-8274AD6E08A1}
		{3B06DF29-F142-4F05-AE0F-0E9110C5CC82} = {FC5D3CF3-0563-4306-B612-8274AD6E08A1}
		{9E9EEBE9-29DD-443E-88C9-E14D84BAAA5F} = {FC5D3CF3-0563-4306-B612-8274AD6E08A1}
		{AA5E7CC8-73EA-41F5-9BBC-41CE4DAEDC7F} = {A37DA721-277C-4CC4-8F64-0159C4E55692}
		{DEAEA8A5-0DBC-4F2D-9FDC-FCF60B20373D} = {CAA57170-FEE1-4025-813D-C502A43BC7D4}
		{00F6E7C3-32DA-4812-B965-8116353E284B} = {DBDFDC08-4A2F-44B3-87B5-B78BF2663865}
		{3F6B04AB-3037-4F70-9594-47FBB303C484} = {1501096B-2611-4A77-94AB-7431D559A47A}
		{8FF5E961-74E5-416B-AC49-BD0861FB4E1D} = {3F6B04AB-3037-4F70-9594-47FBB303C484}
		{6AFFD3CF-65AC-4C1E-A9F1-C82A8E4170C1} = {3F6B04AB-3037-4F70-9594-47FBB303C484}
		{6E12CE5C-9024-4C68-95F6-5DB5EEEEFD86} = {3F6B04AB-3037-4F70-9594-47FBB303C484}
		{646587EA-7908-4461-8433-CF6851C03361} = {3F6B04AB-3037-4F70-9594-47FBB303C484}
		{AA0059EA-3892-48C0-AAA4-3EBE442594E1} = {3F6B04AB-3037-4F70-9594-47FBB303C484}
		{D1CCE61F-4298-4890-96CB-B08F7E10A3DA} = {AA0059EA-3892-48C0-AAA4-3EBE442594E1}
		{6957070A-0C37-431C-9E74-D96F5C49AFEA} = {5DA528F3-4B5E-47EC-9016-E0B98AB02851}
		{72046CB5-C89D-4EBF-AF8F-9E625B005634} = {5DA528F3-4B5E-47EC-9016-E0B98AB02851}
		{01D2D585-9DBD-480E-A484-ABC488B2303B} = {5DA528F3-4B5E-47EC-9016-E0B98AB02851}
		{D14A037E-0C5E-4D7D-B534-E076D1197527} = {FC5D3CF3-0563-4306-B612-8274AD6E08A1}
		{62709227-F952-4CCF-AA25-82CF462C99F9} = {D14A037E-0C5E-4D7D-B534-E076D1197527}
		{F61A0BD5-C154-4F72-8A30-EBC9C369A1A1} = {1501096B-2611-4A77-94AB-7431D559A47A}
		{43A3E75A-D594-4612-89EF-9BEDBB456AA5} = {F61A0BD5-C154-4F72-8A30-EBC9C369A1A1}
		{2282F8BA-B64B-4CE0-8721-4780D53B06B6} = {F61A0BD5-C154-4F72-8A30-EBC9C369A1A1}
		{B84A0E39-366E-4ED7-A1A0-276199ED663D} = {F61A0BD5-C154-4F72-8A30-EBC9C369A1A1}
		{B8764A44-114A-470A-A595-874115F9A3FA} = {F61A0BD5-C154-4F72-8A30-EBC9C369A1A1}
		{86D1D2D1-D82D-483D-BB4D-A8B49D7C8148} = {F61A0BD5-C154-4F72-8A30-EBC9C369A1A1}
		{AC4E6816-D016-48A6-A4D0-2A0A12BAC532} = {1501096B-2611-4A77-94AB-7431D559A47A}
		{D8D3EB46-3ADD-4CC8-9D59-CD9ABDE2FA76} = {AC4E6816-D016-48A6-A4D0-2A0A12BAC532}
		{FC6B4A19-FC92-4BEE-A5D4-7B4AA6DA1EA8} = {AC4E6816-D016-48A6-A4D0-2A0A12BAC532}
		{82423244-B1E3-414F-975B-C37C1CC90B94} = {D8D3EB46-3ADD-4CC8-9D59-CD9ABDE2FA76}
	EndGlobalSection
	GlobalSection(ExtensibilityGlobals) = postSolution
		SolutionGuid = {D417AD58-6662-4DB7-BD3E-538D13985392}
	EndGlobalSection
EndGlobal
